{
  "pins" : [
    {
      "identity" : "swift-syntax",
      "kind" : "remoteSourceControl",
      "location" : "https://github.com/swiftlang/swift-syntax.git",
      "state" : {
        "revision" : "6673b05995983461eef015c4768f1483c245db22",
        "version" : "603.0.0-prerelease-2025-09-15"
      }
    },
    {
      "identity" : "swift-testing",
      "kind" : "remoteSourceControl",
      "location" : "https://github.com/apple/swift-testing.git",
      "state" : {
        "branch" : "main",
        "revision" : "b1789fd8ef9e588c533af8e34ac48b0c8e5cfa4e"
      }
    }
  ],
  "version" : 2
}
